
Microsoft Visual Studio Solution File, Format Version 12.00
# Visual Studio Version 17
VisualStudioVersion = 17.7.34031.279
MinimumVisualStudioVersion = 10.0.40219.1
Project("{FAE04EC0-301F-11D3-BF4B-00C04F79EFBC}") = "CoreWebMain", "CoreWebMain\CoreWebMain.csproj", "{DB8ADDB5-6C33-4C2E-9663-A9D1CC9D3E49}"
EndProject
Global
	GlobalSection(SolutionConfigurationPlatforms) = preSolution
		Debug|Any CPU = Debug|Any CPU
		Release|Any CPU = Release|Any CPU
	EndGlobalSection
	GlobalSection(ProjectConfigurationPlatforms) = postSolution
		{DB8ADDB5-6C33-4C2E-9663-A9D1CC9D3E49}.Debug|Any CPU.ActiveCfg = Debug|Any CPU
		{DB8ADDB5-6C33-4C2E-9663-A9D1CC9D3E49}.Debug|Any CPU.Build.0 = Debug|Any CPU
		{DB8ADDB5-6C33-4C2E-9663-A9D1CC9D3E49}.Release|Any CPU.ActiveCfg = Release|Any CPU
		{DB8ADDB5-6C33-4C2E-9663-A9D1CC9D3E49}.Release|Any CPU.Build.0 = Release|Any CPU
	EndGlobalSection
	GlobalSection(SolutionProperties) = preSolution
		HideSolutionNode = FALSE
	EndGlobalSection
	GlobalSection(ExtensibilityGlobals) = postSolution
		SolutionGuid = {192BD183-DFE5-4D79-B212-FE8802EB31BE}
	EndGlobalSection
EndGlobal
